
Microsoft Visual Studio Solution File, Format Version 12.00
# Visual Studio Version 17
VisualStudioVersion = 17.1.32407.343
MinimumVisualStudioVersion = 10.0.40219.1
Project("{FAE04EC0-301F-11D3-BF4B-00C04F79EFBC}") = "HackerRank_Prep", "HackerRank_Prep\HackerRank_Prep.csproj", "{61F3E9DB-DB40-4145-B9DB-8092AADFB27B}"
EndProject
Global
	GlobalSection(SolutionConfigurationPlatforms) = preSolution
		Debug|Any CPU = Debug|Any CPU
		Release|Any CPU = Release|Any CPU
	EndGlobalSection
	GlobalSection(ProjectConfigurationPlatforms) = postSolution
		{61F3E9DB-DB40-4145-B9DB-8092AADFB27B}.Debug|Any CPU.ActiveCfg = Debug|Any CPU
		{61F3E9DB-DB40-4145-B9DB-8092AADFB27B}.Debug|Any CPU.Build.0 = Debug|Any CPU
		{61F3E9DB-DB40-4145-B9DB-8092AADFB27B}.Release|Any CPU.ActiveCfg = Release|Any CPU
		{61F3E9DB-DB40-4145-B9DB-8092AADFB27B}.Release|Any CPU.Build.0 = Release|Any CPU
	EndGlobalSection
	GlobalSection(SolutionProperties) = preSolution
		HideSolutionNode = FALSE
	EndGlobalSection
	GlobalSection(ExtensibilityGlobals) = postSolution
		SolutionGuid = {634EE048-81FF-4EFE-B12F-DC5D047DCF4F}
	EndGlobalSection
EndGlobal
